
Microsoft Visual Studio Solution File, Format Version 12.00
# Visual Studio Version 16
VisualStudioVersion = 16.0.30717.126
MinimumVisualStudioVersion = 10.0.40219.1
Project("{FAE04EC0-301F-11D3-BF4B-00C04F79EFBC}") = "jenkinsdemo", "jenkinsdemo\jenkinsdemo.csproj", "{E4476276-AF06-4ED6-B6F9-0A6AD4355948}"
EndProject
Global
	GlobalSection(SolutionConfigurationPlatforms) = preSolution
		Debug|Any CPU = Debug|Any CPU
		Release|Any CPU = Release|Any CPU
	EndGlobalSection
	GlobalSection(ProjectConfigurationPlatforms) = postSolution
		{E4476276-AF06-4ED6-B6F9-0A6AD4355948}.Debug|Any CPU.ActiveCfg = Debug|Any CPU
		{E4476276-AF06-4ED6-B6F9-0A6AD4355948}.Debug|Any CPU.Build.0 = Debug|Any CPU
		{E4476276-AF06-4ED6-B6F9-0A6AD4355948}.Release|Any CPU.ActiveCfg = Release|Any CPU
		{E4476276-AF06-4ED6-B6F9-0A6AD4355948}.Release|Any CPU.Build.0 = Release|Any CPU
	EndGlobalSection
	GlobalSection(SolutionProperties) = preSolution
		HideSolutionNode = FALSE
	EndGlobalSection
	GlobalSection(ExtensibilityGlobals) = postSolution
		SolutionGuid = {51A1690C-1C53-43E2-B36F-60B2FDAC1448}
	EndGlobalSection
EndGlobal
